// !$*UTF8*$!
{
	archiveVersion = 1;
	classes = {
	};
	objectVersion = 56;
	objects = {

/* Begin PBXBuildFile section */
		AECFA1D12965E4CA0065B501 /* Neuron2023App.swift in Sources */ = {isa = PBXBuildFile; fileRef = AECFA1D02965E4CA0065B501 /* Neuron2023App.swift */; };
		AECFA1D52965E4CA0065B501 /* Assets.xcassets in Resources */ = {isa = PBXBuildFile; fileRef = AECFA1D42965E4CA0065B501 /* Assets.xcassets */; };
		AECFA1D82965E4CA0065B501 /* Preview Assets.xcassets in Resources */ = {isa = PBXBuildFile; fileRef = AECFA1D72965E4CA0065B501 /* Preview Assets.xcassets */; };
		AECFA1E22965E4CA0065B501 /* Neuron2023Tests.swift in Sources */ = {isa = PBXBuildFile; fileRef = AECFA1E12965E4CA0065B501 /* Neuron2023Tests.swift */; };
		AECFA1EC2965E4CA0065B501 /* Neuron2023UITests.swift in Sources */ = {isa = PBXBuildFile; fileRef = AECFA1EB2965E4CA0065B501 /* Neuron2023UITests.swift */; };
		AECFA1EE2965E4CA0065B501 /* Neuron2023UITestsLaunchTests.swift in Sources */ = {isa = PBXBuildFile; fileRef = AECFA1ED2965E4CA0065B501 /* Neuron2023UITestsLaunchTests.swift */; };
		AECFA1FF2965E5930065B501 /* MainView.swift in Sources */ = {isa = PBXBuildFile; fileRef = AECFA1FE2965E5930065B501 /* MainView.swift */; };
		AECFA2002965E5930065B501 /* MainView.swift in Sources */ = {isa = PBXBuildFile; fileRef = AECFA1FE2965E5930065B501 /* MainView.swift */; };
		AECFA2012965E5930065B501 /* MainView.swift in Sources */ = {isa = PBXBuildFile; fileRef = AECFA1FE2965E5930065B501 /* MainView.swift */; };
		AECFA2032965E59F0065B501 /* MainViewModel.swift in Sources */ = {isa = PBXBuildFile; fileRef = AECFA2022965E59F0065B501 /* MainViewModel.swift */; };
		AECFA2042965E59F0065B501 /* MainViewModel.swift in Sources */ = {isa = PBXBuildFile; fileRef = AECFA2022965E59F0065B501 /* MainViewModel.swift */; };
		AECFA2052965E59F0065B501 /* MainViewModel.swift in Sources */ = {isa = PBXBuildFile; fileRef = AECFA2022965E59F0065B501 /* MainViewModel.swift */; };
		AECFA2072965E5A90065B501 /* MainModel.swift in Sources */ = {isa = PBXBuildFile; fileRef = AECFA2062965E5A90065B501 /* MainModel.swift */; };
		AECFA2082965E5A90065B501 /* MainModel.swift in Sources */ = {isa = PBXBuildFile; fileRef = AECFA2062965E5A90065B501 /* MainModel.swift */; };
		AECFA2092965E5A90065B501 /* MainModel.swift in Sources */ = {isa = PBXBuildFile; fileRef = AECFA2062965E5A90065B501 /* MainModel.swift */; };
		AECFA20B2965E5B40065B501 /* MainDesign.swift in Sources */ = {isa = PBXBuildFile; fileRef = AECFA20A2965E5B40065B501 /* MainDesign.swift */; };
		AECFA20C2965E5B40065B501 /* MainDesign.swift in Sources */ = {isa = PBXBuildFile; fileRef = AECFA20A2965E5B40065B501 /* MainDesign.swift */; };
		AECFA20D2965E5B40065B501 /* MainDesign.swift in Sources */ = {isa = PBXBuildFile; fileRef = AECFA20A2965E5B40065B501 /* MainDesign.swift */; };
		AECFA20F2965E5D00065B501 /* MainCoordinator.swift in Sources */ = {isa = PBXBuildFile; fileRef = AECFA20E2965E5D00065B501 /* MainCoordinator.swift */; };
		AECFA2102965E5D00065B501 /* MainCoordinator.swift in Sources */ = {isa = PBXBuildFile; fileRef = AECFA20E2965E5D00065B501 /* MainCoordinator.swift */; };
		AECFA2112965E5D00065B501 /* MainCoordinator.swift in Sources */ = {isa = PBXBuildFile; fileRef = AECFA20E2965E5D00065B501 /* MainCoordinator.swift */; };
		AECFA2142965E7440065B501 /* Coordinator.swift in Sources */ = {isa = PBXBuildFile; fileRef = AECFA2132965E7440065B501 /* Coordinator.swift */; };
		AECFA2152965E7440065B501 /* Coordinator.swift in Sources */ = {isa = PBXBuildFile; fileRef = AECFA2132965E7440065B501 /* Coordinator.swift */; };
		AECFA2162965E7440065B501 /* Coordinator.swift in Sources */ = {isa = PBXBuildFile; fileRef = AECFA2132965E7440065B501 /* Coordinator.swift */; };
		AECFA2182965E76A0065B501 /* CoordinatorNavigation.swift in Sources */ = {isa = PBXBuildFile; fileRef = AECFA2172965E76A0065B501 /* CoordinatorNavigation.swift */; };
		AECFA2192965E76A0065B501 /* CoordinatorNavigation.swift in Sources */ = {isa = PBXBuildFile; fileRef = AECFA2172965E76A0065B501 /* CoordinatorNavigation.swift */; };
		AECFA21A2965E76A0065B501 /* CoordinatorNavigation.swift in Sources */ = {isa = PBXBuildFile; fileRef = AECFA2172965E76A0065B501 /* CoordinatorNavigation.swift */; };
		AECFA21C2965E77F0065B501 /* Reactive.swift in Sources */ = {isa = PBXBuildFile; fileRef = AECFA21B2965E77F0065B501 /* Reactive.swift */; };
		AECFA21D2965E77F0065B501 /* Reactive.swift in Sources */ = {isa = PBXBuildFile; fileRef = AECFA21B2965E77F0065B501 /* Reactive.swift */; };
		AECFA21E2965E77F0065B501 /* Reactive.swift in Sources */ = {isa = PBXBuildFile; fileRef = AECFA21B2965E77F0065B501 /* Reactive.swift */; };
		AECFA2202965E7950065B501 /* DIContainer.swift in Sources */ = {isa = PBXBuildFile; fileRef = AECFA21F2965E7950065B501 /* DIContainer.swift */; };
		AECFA2212965E7950065B501 /* DIContainer.swift in Sources */ = {isa = PBXBuildFile; fileRef = AECFA21F2965E7950065B501 /* DIContainer.swift */; };
		AECFA2222965E7950065B501 /* DIContainer.swift in Sources */ = {isa = PBXBuildFile; fileRef = AECFA21F2965E7950065B501 /* DIContainer.swift */; };
		AECFA2242965E7AE0065B501 /* ViewMaker.swift in Sources */ = {isa = PBXBuildFile; fileRef = AECFA2232965E7AE0065B501 /* ViewMaker.swift */; };
		AECFA2252965E7AE0065B501 /* ViewMaker.swift in Sources */ = {isa = PBXBuildFile; fileRef = AECFA2232965E7AE0065B501 /* ViewMaker.swift */; };
		AECFA2262965E7AE0065B501 /* ViewMaker.swift in Sources */ = {isa = PBXBuildFile; fileRef = AECFA2232965E7AE0065B501 /* ViewMaker.swift */; };
		AECFA2282965E7C70065B501 /* ViewModelType.swift in Sources */ = {isa = PBXBuildFile; fileRef = AECFA2272965E7C70065B501 /* ViewModelType.swift */; };
		AECFA2292965E7C70065B501 /* ViewModelType.swift in Sources */ = {isa = PBXBuildFile; fileRef = AECFA2272965E7C70065B501 /* ViewModelType.swift */; };
		AECFA22A2965E7C70065B501 /* ViewModelType.swift in Sources */ = {isa = PBXBuildFile; fileRef = AECFA2272965E7C70065B501 /* ViewModelType.swift */; };
		AECFA22D2965E8440065B501 /* NavigationControllerGeneric.swift in Sources */ = {isa = PBXBuildFile; fileRef = AECFA22C2965E8440065B501 /* NavigationControllerGeneric.swift */; };
		AECFA22E2965E8440065B501 /* NavigationControllerGeneric.swift in Sources */ = {isa = PBXBuildFile; fileRef = AECFA22C2965E8440065B501 /* NavigationControllerGeneric.swift */; };
		AECFA22F2965E8440065B501 /* NavigationControllerGeneric.swift in Sources */ = {isa = PBXBuildFile; fileRef = AECFA22C2965E8440065B501 /* NavigationControllerGeneric.swift */; };
		AECFA2312965E86F0065B501 /* CoordinatorNavigationController.swift in Sources */ = {isa = PBXBuildFile; fileRef = AECFA2302965E86F0065B501 /* CoordinatorNavigationController.swift */; };
		AECFA2322965E86F0065B501 /* CoordinatorNavigationController.swift in Sources */ = {isa = PBXBuildFile; fileRef = AECFA2302965E86F0065B501 /* CoordinatorNavigationController.swift */; };
		AECFA2332965E86F0065B501 /* CoordinatorNavigationController.swift in Sources */ = {isa = PBXBuildFile; fileRef = AECFA2302965E86F0065B501 /* CoordinatorNavigationController.swift */; };
		AECFA2362965EAFA0065B501 /* NeuronView.swift in Sources */ = {isa = PBXBuildFile; fileRef = AECFA2352965EAFA0065B501 /* NeuronView.swift */; };
		AECFA2372965EAFA0065B501 /* NeuronView.swift in Sources */ = {isa = PBXBuildFile; fileRef = AECFA2352965EAFA0065B501 /* NeuronView.swift */; };
		AECFA2382965EAFA0065B501 /* NeuronView.swift in Sources */ = {isa = PBXBuildFile; fileRef = AECFA2352965EAFA0065B501 /* NeuronView.swift */; };
		AECFA23A2965EB020065B501 /* NeuronViewModel.swift in Sources */ = {isa = PBXBuildFile; fileRef = AECFA2392965EB020065B501 /* NeuronViewModel.swift */; };
		AECFA23B2965EB020065B501 /* NeuronViewModel.swift in Sources */ = {isa = PBXBuildFile; fileRef = AECFA2392965EB020065B501 /* NeuronViewModel.swift */; };
		AECFA23C2965EB020065B501 /* NeuronViewModel.swift in Sources */ = {isa = PBXBuildFile; fileRef = AECFA2392965EB020065B501 /* NeuronViewModel.swift */; };
		AECFA23E2965EB0C0065B501 /* NeuronModel.swift in Sources */ = {isa = PBXBuildFile; fileRef = AECFA23D2965EB0C0065B501 /* NeuronModel.swift */; };
		AECFA23F2965EB0C0065B501 /* NeuronModel.swift in Sources */ = {isa = PBXBuildFile; fileRef = AECFA23D2965EB0C0065B501 /* NeuronModel.swift */; };
		AECFA2402965EB0C0065B501 /* NeuronModel.swift in Sources */ = {isa = PBXBuildFile; fileRef = AECFA23D2965EB0C0065B501 /* NeuronModel.swift */; };
		AECFA2422965EB170065B501 /* NeuronDesign.swift in Sources */ = {isa = PBXBuildFile; fileRef = AECFA2412965EB170065B501 /* NeuronDesign.swift */; };
		AECFA2432965EB170065B501 /* NeuronDesign.swift in Sources */ = {isa = PBXBuildFile; fileRef = AECFA2412965EB170065B501 /* NeuronDesign.swift */; };
		AECFA2442965EB170065B501 /* NeuronDesign.swift in Sources */ = {isa = PBXBuildFile; fileRef = AECFA2412965EB170065B501 /* NeuronDesign.swift */; };
		AECFA2472965ED740065B501 /* Neuron.swift in Sources */ = {isa = PBXBuildFile; fileRef = AECFA2462965ED740065B501 /* Neuron.swift */; };
		AECFA2482965ED740065B501 /* Neuron.swift in Sources */ = {isa = PBXBuildFile; fileRef = AECFA2462965ED740065B501 /* Neuron.swift */; };
		AECFA2492965ED740065B501 /* Neuron.swift in Sources */ = {isa = PBXBuildFile; fileRef = AECFA2462965ED740065B501 /* Neuron.swift */; };
		AECFA24B2965EE5F0065B501 /* Layer.swift in Sources */ = {isa = PBXBuildFile; fileRef = AECFA24A2965EE5F0065B501 /* Layer.swift */; };
		AECFA24C2965EE5F0065B501 /* Layer.swift in Sources */ = {isa = PBXBuildFile; fileRef = AECFA24A2965EE5F0065B501 /* Layer.swift */; };
		AECFA24D2965EE5F0065B501 /* Layer.swift in Sources */ = {isa = PBXBuildFile; fileRef = AECFA24A2965EE5F0065B501 /* Layer.swift */; };
		AECFA24F2965EF270065B501 /* Network.swift in Sources */ = {isa = PBXBuildFile; fileRef = AECFA24E2965EF270065B501 /* Network.swift */; };
		AECFA2502965EF270065B501 /* Network.swift in Sources */ = {isa = PBXBuildFile; fileRef = AECFA24E2965EF270065B501 /* Network.swift */; };
		AECFA2512965EF270065B501 /* Network.swift in Sources */ = {isa = PBXBuildFile; fileRef = AECFA24E2965EF270065B501 /* Network.swift */; };
/* End PBXBuildFile section */

/* Begin PBXContainerItemProxy section */
		AECFA1DE2965E4CA0065B501 /* PBXContainerItemProxy */ = {
			isa = PBXContainerItemProxy;
			containerPortal = AECFA1C52965E4C90065B501 /* Project object */;
			proxyType = 1;
			remoteGlobalIDString = AECFA1CC2965E4C90065B501;
			remoteInfo = Neuron2023;
		};
		AECFA1E82965E4CA0065B501 /* PBXContainerItemProxy */ = {
			isa = PBXContainerItemProxy;
			containerPortal = AECFA1C52965E4C90065B501 /* Project object */;
			proxyType = 1;
			remoteGlobalIDString = AECFA1CC2965E4C90065B501;
			remoteInfo = Neuron2023;
		};
/* End PBXContainerItemProxy section */

/* Begin PBXFileReference section */
		AECFA1CD2965E4C90065B501 /* Neuron2023.app */ = {isa = PBXFileReference; explicitFileType = wrapper.application; includeInIndex = 0; path = Neuron2023.app; sourceTree = BUILT_PRODUCTS_DIR; };
		AECFA1D02965E4CA0065B501 /* Neuron2023App.swift */ = {isa = PBXFileReference; lastKnownFileType = sourcecode.swift; path = Neuron2023App.swift; sourceTree = "<group>"; };
		AECFA1D42965E4CA0065B501 /* Assets.xcassets */ = {isa = PBXFileReference; lastKnownFileType = folder.assetcatalog; path = Assets.xcassets; sourceTree = "<group>"; };
		AECFA1D72965E4CA0065B501 /* Preview Assets.xcassets */ = {isa = PBXFileReference; lastKnownFileType = folder.assetcatalog; path = "Preview Assets.xcassets"; sourceTree = "<group>"; };
		AECFA1DD2965E4CA0065B501 /* Neuron2023Tests.xctest */ = {isa = PBXFileReference; explicitFileType = wrapper.cfbundle; includeInIndex = 0; path = Neuron2023Tests.xctest; sourceTree = BUILT_PRODUCTS_DIR; };
		AECFA1E12965E4CA0065B501 /* Neuron2023Tests.swift */ = {isa = PBXFileReference; lastKnownFileType = sourcecode.swift; path = Neuron2023Tests.swift; sourceTree = "<group>"; };
		AECFA1E72965E4CA0065B501 /* Neuron2023UITests.xctest */ = {isa = PBXFileReference; explicitFileType = wrapper.cfbundle; includeInIndex = 0; path = Neuron2023UITests.xctest; sourceTree = BUILT_PRODUCTS_DIR; };
		AECFA1EB2965E4CA0065B501 /* Neuron2023UITests.swift */ = {isa = PBXFileReference; lastKnownFileType = sourcecode.swift; path = Neuron2023UITests.swift; sourceTree = "<group>"; };
		AECFA1ED2965E4CA0065B501 /* Neuron2023UITestsLaunchTests.swift */ = {isa = PBXFileReference; lastKnownFileType = sourcecode.swift; path = Neuron2023UITestsLaunchTests.swift; sourceTree = "<group>"; };
		AECFA1FE2965E5930065B501 /* MainView.swift */ = {isa = PBXFileReference; lastKnownFileType = sourcecode.swift; path = MainView.swift; sourceTree = "<group>"; };
		AECFA2022965E59F0065B501 /* MainViewModel.swift */ = {isa = PBXFileReference; lastKnownFileType = sourcecode.swift; path = MainViewModel.swift; sourceTree = "<group>"; };
		AECFA2062965E5A90065B501 /* MainModel.swift */ = {isa = PBXFileReference; lastKnownFileType = sourcecode.swift; path = MainModel.swift; sourceTree = "<group>"; };
		AECFA20A2965E5B40065B501 /* MainDesign.swift */ = {isa = PBXFileReference; lastKnownFileType = sourcecode.swift; path = MainDesign.swift; sourceTree = "<group>"; };
		AECFA20E2965E5D00065B501 /* MainCoordinator.swift */ = {isa = PBXFileReference; lastKnownFileType = sourcecode.swift; path = MainCoordinator.swift; sourceTree = "<group>"; };
		AECFA2132965E7440065B501 /* Coordinator.swift */ = {isa = PBXFileReference; lastKnownFileType = sourcecode.swift; path = Coordinator.swift; sourceTree = "<group>"; };
		AECFA2172965E76A0065B501 /* CoordinatorNavigation.swift */ = {isa = PBXFileReference; lastKnownFileType = sourcecode.swift; path = CoordinatorNavigation.swift; sourceTree = "<group>"; };
		AECFA21B2965E77F0065B501 /* Reactive.swift */ = {isa = PBXFileReference; lastKnownFileType = sourcecode.swift; path = Reactive.swift; sourceTree = "<group>"; };
		AECFA21F2965E7950065B501 /* DIContainer.swift */ = {isa = PBXFileReference; lastKnownFileType = sourcecode.swift; path = DIContainer.swift; sourceTree = "<group>"; };
		AECFA2232965E7AE0065B501 /* ViewMaker.swift */ = {isa = PBXFileReference; lastKnownFileType = sourcecode.swift; path = ViewMaker.swift; sourceTree = "<group>"; };
		AECFA2272965E7C70065B501 /* ViewModelType.swift */ = {isa = PBXFileReference; lastKnownFileType = sourcecode.swift; path = ViewModelType.swift; sourceTree = "<group>"; };
		AECFA22C2965E8440065B501 /* NavigationControllerGeneric.swift */ = {isa = PBXFileReference; lastKnownFileType = sourcecode.swift; path = NavigationControllerGeneric.swift; sourceTree = "<group>"; };
		AECFA2302965E86F0065B501 /* CoordinatorNavigationController.swift */ = {isa = PBXFileReference; lastKnownFileType = sourcecode.swift; path = CoordinatorNavigationController.swift; sourceTree = "<group>"; };
		AECFA2352965EAFA0065B501 /* NeuronView.swift */ = {isa = PBXFileReference; lastKnownFileType = sourcecode.swift; path = NeuronView.swift; sourceTree = "<group>"; };
		AECFA2392965EB020065B501 /* NeuronViewModel.swift */ = {isa = PBXFileReference; lastKnownFileType = sourcecode.swift; path = NeuronViewModel.swift; sourceTree = "<group>"; };
		AECFA23D2965EB0C0065B501 /* NeuronModel.swift */ = {isa = PBXFileReference; lastKnownFileType = sourcecode.swift; path = NeuronModel.swift; sourceTree = "<group>"; };
		AECFA2412965EB170065B501 /* NeuronDesign.swift */ = {isa = PBXFileReference; lastKnownFileType = sourcecode.swift; path = NeuronDesign.swift; sourceTree = "<group>"; };
		AECFA2462965ED740065B501 /* Neuron.swift */ = {isa = PBXFileReference; lastKnownFileType = sourcecode.swift; path = Neuron.swift; sourceTree = "<group>"; };
		AECFA24A2965EE5F0065B501 /* Layer.swift */ = {isa = PBXFileReference; lastKnownFileType = sourcecode.swift; path = Layer.swift; sourceTree = "<group>"; };
		AECFA24E2965EF270065B501 /* Network.swift */ = {isa = PBXFileReference; lastKnownFileType = sourcecode.swift; path = Network.swift; sourceTree = "<group>"; };
/* End PBXFileReference section */

/* Begin PBXFrameworksBuildPhase section */
		AECFA1CA2965E4C90065B501 /* Frameworks */ = {
			isa = PBXFrameworksBuildPhase;
			buildActionMask = 2147483647;
			files = (
			);
			runOnlyForDeploymentPostprocessing = 0;
		};
		AECFA1DA2965E4CA0065B501 /* Frameworks */ = {
			isa = PBXFrameworksBuildPhase;
			buildActionMask = 2147483647;
			files = (
			);
			runOnlyForDeploymentPostprocessing = 0;
		};
		AECFA1E42965E4CA0065B501 /* Frameworks */ = {
			isa = PBXFrameworksBuildPhase;
			buildActionMask = 2147483647;
			files = (
			);
			runOnlyForDeploymentPostprocessing = 0;
		};
/* End PBXFrameworksBuildPhase section */

/* Begin PBXGroup section */
		AECFA1C42965E4C90065B501 = {
			isa = PBXGroup;
			children = (
				AECFA1FC2965E5420065B501 /* lib */,
				AECFA1CF2965E4C90065B501 /* Neuron2023 */,
				AECFA1E02965E4CA0065B501 /* Neuron2023Tests */,
				AECFA1EA2965E4CA0065B501 /* Neuron2023UITests */,
				AECFA1CE2965E4C90065B501 /* Products */,
			);
			sourceTree = "<group>";
		};
		AECFA1CE2965E4C90065B501 /* Products */ = {
			isa = PBXGroup;
			children = (
				AECFA1CD2965E4C90065B501 /* Neuron2023.app */,
				AECFA1DD2965E4CA0065B501 /* Neuron2023Tests.xctest */,
				AECFA1E72965E4CA0065B501 /* Neuron2023UITests.xctest */,
			);
			name = Products;
			sourceTree = "<group>";
		};
		AECFA1CF2965E4C90065B501 /* Neuron2023 */ = {
			isa = PBXGroup;
			children = (
				AECFA1FB2965E53B0065B501 /* resources */,
				AECFA1FA2965E5340065B501 /* flows */,
				AECFA1D02965E4CA0065B501 /* Neuron2023App.swift */,
				AECFA1D62965E4CA0065B501 /* Preview Content */,
			);
			path = Neuron2023;
			sourceTree = "<group>";
		};
		AECFA1D62965E4CA0065B501 /* Preview Content */ = {
			isa = PBXGroup;
			children = (
				AECFA1D72965E4CA0065B501 /* Preview Assets.xcassets */,
			);
			path = "Preview Content";
			sourceTree = "<group>";
		};
		AECFA1E02965E4CA0065B501 /* Neuron2023Tests */ = {
			isa = PBXGroup;
			children = (
				AECFA1E12965E4CA0065B501 /* Neuron2023Tests.swift */,
			);
			path = Neuron2023Tests;
			sourceTree = "<group>";
		};
		AECFA1EA2965E4CA0065B501 /* Neuron2023UITests */ = {
			isa = PBXGroup;
			children = (
				AECFA1EB2965E4CA0065B501 /* Neuron2023UITests.swift */,
				AECFA1ED2965E4CA0065B501 /* Neuron2023UITestsLaunchTests.swift */,
			);
			path = Neuron2023UITests;
			sourceTree = "<group>";
		};
		AECFA1FA2965E5340065B501 /* flows */ = {
			isa = PBXGroup;
			children = (
				AECFA2342965EAE80065B501 /* neuron */,
				AECFA1FD2965E5760065B501 /* main */,
			);
			path = flows;
			sourceTree = "<group>";
		};
		AECFA1FB2965E53B0065B501 /* resources */ = {
			isa = PBXGroup;
			children = (
				AECFA1D42965E4CA0065B501 /* Assets.xcassets */,
			);
			path = resources;
			sourceTree = "<group>";
		};
		AECFA1FC2965E5420065B501 /* lib */ = {
			isa = PBXGroup;
			children = (
				AECFA2452965ED660065B501 /* Neuron */,
				AECFA22B2965E82F0065B501 /* Navigation */,
				AECFA2122965E71F0065B501 /* Protocols */,
			);
			path = lib;
			sourceTree = "<group>";
		};
		AECFA1FD2965E5760065B501 /* main */ = {
			isa = PBXGroup;
			children = (
				AECFA1FE2965E5930065B501 /* MainView.swift */,
				AECFA2022965E59F0065B501 /* MainViewModel.swift */,
				AECFA2062965E5A90065B501 /* MainModel.swift */,
				AECFA20A2965E5B40065B501 /* MainDesign.swift */,
				AECFA20E2965E5D00065B501 /* MainCoordinator.swift */,
			);
			path = main;
			sourceTree = "<group>";
		};
		AECFA2122965E71F0065B501 /* Protocols */ = {
			isa = PBXGroup;
			children = (
				AECFA2132965E7440065B501 /* Coordinator.swift */,
				AECFA2172965E76A0065B501 /* CoordinatorNavigation.swift */,
				AECFA21B2965E77F0065B501 /* Reactive.swift */,
				AECFA21F2965E7950065B501 /* DIContainer.swift */,
				AECFA2232965E7AE0065B501 /* ViewMaker.swift */,
				AECFA2272965E7C70065B501 /* ViewModelType.swift */,
			);
			path = Protocols;
			sourceTree = "<group>";
		};
		AECFA22B2965E82F0065B501 /* Navigation */ = {
			isa = PBXGroup;
			children = (
				AECFA22C2965E8440065B501 /* NavigationControllerGeneric.swift */,
				AECFA2302965E86F0065B501 /* CoordinatorNavigationController.swift */,
			);
			path = Navigation;
			sourceTree = "<group>";
		};
		AECFA2342965EAE80065B501 /* neuron */ = {
			isa = PBXGroup;
			children = (
				AECFA2352965EAFA0065B501 /* NeuronView.swift */,
				AECFA2392965EB020065B501 /* NeuronViewModel.swift */,
				AECFA23D2965EB0C0065B501 /* NeuronModel.swift */,
				AECFA2412965EB170065B501 /* NeuronDesign.swift */,
			);
			path = neuron;
			sourceTree = "<group>";
		};
		AECFA2452965ED660065B501 /* Neuron */ = {
			isa = PBXGroup;
			children = (
				AECFA2462965ED740065B501 /* Neuron.swift */,
				AECFA24A2965EE5F0065B501 /* Layer.swift */,
				AECFA24E2965EF270065B501 /* Network.swift */,
			);
			path = Neuron;
			sourceTree = "<group>";
		};
/* End PBXGroup section */

/* Begin PBXNativeTarget section */
		AECFA1CC2965E4C90065B501 /* Neuron2023 */ = {
			isa = PBXNativeTarget;
			buildConfigurationList = AECFA1F12965E4CA0065B501 /* Build configuration list for PBXNativeTarget "Neuron2023" */;
			buildPhases = (
				AECFA1C92965E4C90065B501 /* Sources */,
				AECFA1CA2965E4C90065B501 /* Frameworks */,
				AECFA1CB2965E4C90065B501 /* Resources */,
			);
			buildRules = (
			);
			dependencies = (
			);
			name = Neuron2023;
			productName = Neuron2023;
			productReference = AECFA1CD2965E4C90065B501 /* Neuron2023.app */;
			productType = "com.apple.product-type.application";
		};
		AECFA1DC2965E4CA0065B501 /* Neuron2023Tests */ = {
			isa = PBXNativeTarget;
			buildConfigurationList = AECFA1F42965E4CA0065B501 /* Build configuration list for PBXNativeTarget "Neuron2023Tests" */;
			buildPhases = (
				AECFA1D92965E4CA0065B501 /* Sources */,
				AECFA1DA2965E4CA0065B501 /* Frameworks */,
				AECFA1DB2965E4CA0065B501 /* Resources */,
			);
			buildRules = (
			);
			dependencies = (
				AECFA1DF2965E4CA0065B501 /* PBXTargetDependency */,
			);
			name = Neuron2023Tests;
			productName = Neuron2023Tests;
			productReference = AECFA1DD2965E4CA0065B501 /* Neuron2023Tests.xctest */;
			productType = "com.apple.product-type.bundle.unit-test";
		};
		AECFA1E62965E4CA0065B501 /* Neuron2023UITests */ = {
			isa = PBXNativeTarget;
			buildConfigurationList = AECFA1F72965E4CA0065B501 /* Build configuration list for PBXNativeTarget "Neuron2023UITests" */;
			buildPhases = (
				AECFA1E32965E4CA0065B501 /* Sources */,
				AECFA1E42965E4CA0065B501 /* Frameworks */,
				AECFA1E52965E4CA0065B501 /* Resources */,
			);
			buildRules = (
			);
			dependencies = (
				AECFA1E92965E4CA0065B501 /* PBXTargetDependency */,
			);
			name = Neuron2023UITests;
			productName = Neuron2023UITests;
			productReference = AECFA1E72965E4CA0065B501 /* Neuron2023UITests.xctest */;
			productType = "com.apple.product-type.bundle.ui-testing";
		};
/* End PBXNativeTarget section */

/* Begin PBXProject section */
		AECFA1C52965E4C90065B501 /* Project object */ = {
			isa = PBXProject;
			attributes = {
				BuildIndependentTargetsInParallel = 1;
				LastSwiftUpdateCheck = 1420;
				LastUpgradeCheck = 1420;
				TargetAttributes = {
					AECFA1CC2965E4C90065B501 = {
						CreatedOnToolsVersion = 14.2;
					};
					AECFA1DC2965E4CA0065B501 = {
						CreatedOnToolsVersion = 14.2;
						TestTargetID = AECFA1CC2965E4C90065B501;
					};
					AECFA1E62965E4CA0065B501 = {
						CreatedOnToolsVersion = 14.2;
						TestTargetID = AECFA1CC2965E4C90065B501;
					};
				};
			};
			buildConfigurationList = AECFA1C82965E4C90065B501 /* Build configuration list for PBXProject "Neuron2023" */;
			compatibilityVersion = "Xcode 14.0";
			developmentRegion = en;
			hasScannedForEncodings = 0;
			knownRegions = (
				en,
				Base,
			);
			mainGroup = AECFA1C42965E4C90065B501;
			productRefGroup = AECFA1CE2965E4C90065B501 /* Products */;
			projectDirPath = "";
			projectRoot = "";
			targets = (
				AECFA1CC2965E4C90065B501 /* Neuron2023 */,
				AECFA1DC2965E4CA0065B501 /* Neuron2023Tests */,
				AECFA1E62965E4CA0065B501 /* Neuron2023UITests */,
			);
		};
/* End PBXProject section */

/* Begin PBXResourcesBuildPhase section */
		AECFA1CB2965E4C90065B501 /* Resources */ = {
			isa = PBXResourcesBuildPhase;
			buildActionMask = 2147483647;
			files = (
				AECFA1D82965E4CA0065B501 /* Preview Assets.xcassets in Resources */,
				AECFA1D52965E4CA0065B501 /* Assets.xcassets in Resources */,
			);
			runOnlyForDeploymentPostprocessing = 0;
		};
		AECFA1DB2965E4CA0065B501 /* Resources */ = {
			isa = PBXResourcesBuildPhase;
			buildActionMask = 2147483647;
			files = (
			);
			runOnlyForDeploymentPostprocessing = 0;
		};
		AECFA1E52965E4CA0065B501 /* Resources */ = {
			isa = PBXResourcesBuildPhase;
			buildActionMask = 2147483647;
			files = (
			);
			runOnlyForDeploymentPostprocessing = 0;
		};
/* End PBXResourcesBuildPhase section */

/* Begin PBXSourcesBuildPhase section */
		AECFA1C92965E4C90065B501 /* Sources */ = {
			isa = PBXSourcesBuildPhase;
			buildActionMask = 2147483647;
			files = (
				AECFA2142965E7440065B501 /* Coordinator.swift in Sources */,
				AECFA2242965E7AE0065B501 /* ViewMaker.swift in Sources */,
				AECFA2202965E7950065B501 /* DIContainer.swift in Sources */,
				AECFA23A2965EB020065B501 /* NeuronViewModel.swift in Sources */,
				AECFA20B2965E5B40065B501 /* MainDesign.swift in Sources */,
				AECFA24F2965EF270065B501 /* Network.swift in Sources */,
				AECFA20F2965E5D00065B501 /* MainCoordinator.swift in Sources */,
				AECFA21C2965E77F0065B501 /* Reactive.swift in Sources */,
				AECFA24B2965EE5F0065B501 /* Layer.swift in Sources */,
				AECFA2312965E86F0065B501 /* CoordinatorNavigationController.swift in Sources */,
				AECFA2182965E76A0065B501 /* CoordinatorNavigation.swift in Sources */,
				AECFA23E2965EB0C0065B501 /* NeuronModel.swift in Sources */,
				AECFA1FF2965E5930065B501 /* MainView.swift in Sources */,
				AECFA1D12965E4CA0065B501 /* Neuron2023App.swift in Sources */,
				AECFA2422965EB170065B501 /* NeuronDesign.swift in Sources */,
				AECFA2362965EAFA0065B501 /* NeuronView.swift in Sources */,
				AECFA2072965E5A90065B501 /* MainModel.swift in Sources */,
				AECFA2032965E59F0065B501 /* MainViewModel.swift in Sources */,
				AECFA2472965ED740065B501 /* Neuron.swift in Sources */,
				AECFA2282965E7C70065B501 /* ViewModelType.swift in Sources */,
				AECFA22D2965E8440065B501 /* NavigationControllerGeneric.swift in Sources */,
			);
			runOnlyForDeploymentPostprocessing = 0;
		};
		AECFA1D92965E4CA0065B501 /* Sources */ = {
			isa = PBXSourcesBuildPhase;
			buildActionMask = 2147483647;
			files = (
				AECFA2082965E5A90065B501 /* MainModel.swift in Sources */,
				AECFA2102965E5D00065B501 /* MainCoordinator.swift in Sources */,
				AECFA2212965E7950065B501 /* DIContainer.swift in Sources */,
				AECFA23B2965EB020065B501 /* NeuronViewModel.swift in Sources */,
				AECFA2192965E76A0065B501 /* CoordinatorNavigation.swift in Sources */,
				AECFA2502965EF270065B501 /* Network.swift in Sources */,
				AECFA2322965E86F0065B501 /* CoordinatorNavigationController.swift in Sources */,
				AECFA1E22965E4CA0065B501 /* Neuron2023Tests.swift in Sources */,
				AECFA24C2965EE5F0065B501 /* Layer.swift in Sources */,
				AECFA2002965E5930065B501 /* MainView.swift in Sources */,
				AECFA22E2965E8440065B501 /* NavigationControllerGeneric.swift in Sources */,
				AECFA23F2965EB0C0065B501 /* NeuronModel.swift in Sources */,
				AECFA20C2965E5B40065B501 /* MainDesign.swift in Sources */,
				AECFA21D2965E77F0065B501 /* Reactive.swift in Sources */,
				AECFA2432965EB170065B501 /* NeuronDesign.swift in Sources */,
				AECFA2372965EAFA0065B501 /* NeuronView.swift in Sources */,
				AECFA2292965E7C70065B501 /* ViewModelType.swift in Sources */,
				AECFA2042965E59F0065B501 /* MainViewModel.swift in Sources */,
				AECFA2482965ED740065B501 /* Neuron.swift in Sources */,
				AECFA2252965E7AE0065B501 /* ViewMaker.swift in Sources */,
				AECFA2152965E7440065B501 /* Coordinator.swift in Sources */,
			);
			runOnlyForDeploymentPostprocessing = 0;
		};
		AECFA1E32965E4CA0065B501 /* Sources */ = {
			isa = PBXSourcesBuildPhase;
			buildActionMask = 2147483647;
			files = (
				AECFA2162965E7440065B501 /* Coordinator.swift in Sources */,
				AECFA23C2965EB020065B501 /* NeuronViewModel.swift in Sources */,
				AECFA2262965E7AE0065B501 /* ViewMaker.swift in Sources */,
				AECFA24D2965EE5F0065B501 /* Layer.swift in Sources */,
				AECFA2222965E7950065B501 /* DIContainer.swift in Sources */,
				AECFA20D2965E5B40065B501 /* MainDesign.swift in Sources */,
				AECFA2112965E5D00065B501 /* MainCoordinator.swift in Sources */,
				AECFA1EE2965E4CA0065B501 /* Neuron2023UITestsLaunchTests.swift in Sources */,
				AECFA21E2965E77F0065B501 /* Reactive.swift in Sources */,
				AECFA2332965E86F0065B501 /* CoordinatorNavigationController.swift in Sources */,
				AECFA21A2965E76A0065B501 /* CoordinatorNavigation.swift in Sources */,
				AECFA2012965E5930065B501 /* MainView.swift in Sources */,
				AECFA2442965EB170065B501 /* NeuronDesign.swift in Sources */,
				AECFA1EC2965E4CA0065B501 /* Neuron2023UITests.swift in Sources */,
				AECFA2092965E5A90065B501 /* MainModel.swift in Sources */,
				AECFA2492965ED740065B501 /* Neuron.swift in Sources */,
				AECFA2512965EF270065B501 /* Network.swift in Sources */,
				AECFA2052965E59F0065B501 /* MainViewModel.swift in Sources */,
				AECFA2382965EAFA0065B501 /* NeuronView.swift in Sources */,
				AECFA22A2965E7C70065B501 /* ViewModelType.swift in Sources */,
				AECFA2402965EB0C0065B501 /* NeuronModel.swift in Sources */,
				AECFA22F2965E8440065B501 /* NavigationControllerGeneric.swift in Sources */,
			);
			runOnlyForDeploymentPostprocessing = 0;
		};
/* End PBXSourcesBuildPhase section */

/* Begin PBXTargetDependency section */
		AECFA1DF2965E4CA0065B501 /* PBXTargetDependency */ = {
			isa = PBXTargetDependency;
			target = AECFA1CC2965E4C90065B501 /* Neuron2023 */;
			targetProxy = AECFA1DE2965E4CA0065B501 /* PBXContainerItemProxy */;
		};
		AECFA1E92965E4CA0065B501 /* PBXTargetDependency */ = {
			isa = PBXTargetDependency;
			target = AECFA1CC2965E4C90065B501 /* Neuron2023 */;
			targetProxy = AECFA1E82965E4CA0065B501 /* PBXContainerItemProxy */;
		};
/* End PBXTargetDependency section */

/* Begin XCBuildConfiguration section */
		AECFA1EF2965E4CA0065B501 /* Debug */ = {
			isa = XCBuildConfiguration;
			buildSettings = {
				ALWAYS_SEARCH_USER_PATHS = NO;
				CLANG_ANALYZER_NONNULL = YES;
				CLANG_ANALYZER_NUMBER_OBJECT_CONVERSION = YES_AGGRESSIVE;
				CLANG_CXX_LANGUAGE_STANDARD = "gnu++20";
				CLANG_ENABLE_MODULES = YES;
				CLANG_ENABLE_OBJC_ARC = YES;
				CLANG_ENABLE_OBJC_WEAK = YES;
				CLANG_WARN_BLOCK_CAPTURE_AUTORELEASING = YES;
				CLANG_WARN_BOOL_CONVERSION = YES;
				CLANG_WARN_COMMA = YES;
				CLANG_WARN_CONSTANT_CONVERSION = YES;
				CLANG_WARN_DEPRECATED_OBJC_IMPLEMENTATIONS = YES;
				CLANG_WARN_DIRECT_OBJC_ISA_USAGE = YES_ERROR;
				CLANG_WARN_DOCUMENTATION_COMMENTS = YES;
				CLANG_WARN_EMPTY_BODY = YES;
				CLANG_WARN_ENUM_CONVERSION = YES;
				CLANG_WARN_INFINITE_RECURSION = YES;
				CLANG_WARN_INT_CONVERSION = YES;
				CLANG_WARN_NON_LITERAL_NULL_CONVERSION = YES;
				CLANG_WARN_OBJC_IMPLICIT_RETAIN_SELF = YES;
				CLANG_WARN_OBJC_LITERAL_CONVERSION = YES;
				CLANG_WARN_OBJC_ROOT_CLASS = YES_ERROR;
				CLANG_WARN_QUOTED_INCLUDE_IN_FRAMEWORK_HEADER = YES;
				CLANG_WARN_RANGE_LOOP_ANALYSIS = YES;
				CLANG_WARN_STRICT_PROTOTYPES = YES;
				CLANG_WARN_SUSPICIOUS_MOVE = YES;
				CLANG_WARN_UNGUARDED_AVAILABILITY = YES_AGGRESSIVE;
				CLANG_WARN_UNREACHABLE_CODE = YES;
				CLANG_WARN__DUPLICATE_METHOD_MATCH = YES;
				COPY_PHASE_STRIP = NO;
				DEBUG_INFORMATION_FORMAT = dwarf;
				ENABLE_STRICT_OBJC_MSGSEND = YES;
				ENABLE_TESTABILITY = YES;
				GCC_C_LANGUAGE_STANDARD = gnu11;
				GCC_DYNAMIC_NO_PIC = NO;
				GCC_NO_COMMON_BLOCKS = YES;
				GCC_OPTIMIZATION_LEVEL = 0;
				GCC_PREPROCESSOR_DEFINITIONS = (
					"DEBUG=1",
					"$(inherited)",
				);
				GCC_WARN_64_TO_32_BIT_CONVERSION = YES;
				GCC_WARN_ABOUT_RETURN_TYPE = YES_ERROR;
				GCC_WARN_UNDECLARED_SELECTOR = YES;
				GCC_WARN_UNINITIALIZED_AUTOS = YES_AGGRESSIVE;
				GCC_WARN_UNUSED_FUNCTION = YES;
				GCC_WARN_UNUSED_VARIABLE = YES;
				IPHONEOS_DEPLOYMENT_TARGET = 16.2;
				MTL_ENABLE_DEBUG_INFO = INCLUDE_SOURCE;
				MTL_FAST_MATH = YES;
				ONLY_ACTIVE_ARCH = YES;
				SDKROOT = iphoneos;
				SWIFT_ACTIVE_COMPILATION_CONDITIONS = DEBUG;
				SWIFT_OPTIMIZATION_LEVEL = "-Onone";
			};
			name = Debug;
		};
		AECFA1F02965E4CA0065B501 /* Release */ = {
			isa = XCBuildConfiguration;
			buildSettings = {
				ALWAYS_SEARCH_USER_PATHS = NO;
				CLANG_ANALYZER_NONNULL = YES;
				CLANG_ANALYZER_NUMBER_OBJECT_CONVERSION = YES_AGGRESSIVE;
				CLANG_CXX_LANGUAGE_STANDARD = "gnu++20";
				CLANG_ENABLE_MODULES = YES;
				CLANG_ENABLE_OBJC_ARC = YES;
				CLANG_ENABLE_OBJC_WEAK = YES;
				CLANG_WARN_BLOCK_CAPTURE_AUTORELEASING = YES;
				CLANG_WARN_BOOL_CONVERSION = YES;
				CLANG_WARN_COMMA = YES;
				CLANG_WARN_CONSTANT_CONVERSION = YES;
				CLANG_WARN_DEPRECATED_OBJC_IMPLEMENTATIONS = YES;
				CLANG_WARN_DIRECT_OBJC_ISA_USAGE = YES_ERROR;
				CLANG_WARN_DOCUMENTATION_COMMENTS = YES;
				CLANG_WARN_EMPTY_BODY = YES;
				CLANG_WARN_ENUM_CONVERSION = YES;
				CLANG_WARN_INFINITE_RECURSION = YES;
				CLANG_WARN_INT_CONVERSION = YES;
				CLANG_WARN_NON_LITERAL_NULL_CONVERSION = YES;
				CLANG_WARN_OBJC_IMPLICIT_RETAIN_SELF = YES;
				CLANG_WARN_OBJC_LITERAL_CONVERSION = YES;
				CLANG_WARN_OBJC_ROOT_CLASS = YES_ERROR;
				CLANG_WARN_QUOTED_INCLUDE_IN_FRAMEWORK_HEADER = YES;
				CLANG_WARN_RANGE_LOOP_ANALYSIS = YES;
				CLANG_WARN_STRICT_PROTOTYPES = YES;
				CLANG_WARN_SUSPICIOUS_MOVE = YES;
				CLANG_WARN_UNGUARDED_AVAILABILITY = YES_AGGRESSIVE;
				CLANG_WARN_UNREACHABLE_CODE = YES;
				CLANG_WARN__DUPLICATE_METHOD_MATCH = YES;
				COPY_PHASE_STRIP = NO;
				DEBUG_INFORMATION_FORMAT = "dwarf-with-dsym";
				ENABLE_NS_ASSERTIONS = NO;
				ENABLE_STRICT_OBJC_MSGSEND = YES;
				GCC_C_LANGUAGE_STANDARD = gnu11;
				GCC_NO_COMMON_BLOCKS = YES;
				GCC_WARN_64_TO_32_BIT_CONVERSION = YES;
				GCC_WARN_ABOUT_RETURN_TYPE = YES_ERROR;
				GCC_WARN_UNDECLARED_SELECTOR = YES;
				GCC_WARN_UNINITIALIZED_AUTOS = YES_AGGRESSIVE;
				GCC_WARN_UNUSED_FUNCTION = YES;
				GCC_WARN_UNUSED_VARIABLE = YES;
				IPHONEOS_DEPLOYMENT_TARGET = 16.2;
				MTL_ENABLE_DEBUG_INFO = NO;
				MTL_FAST_MATH = YES;
				SDKROOT = iphoneos;
				SWIFT_COMPILATION_MODE = wholemodule;
				SWIFT_OPTIMIZATION_LEVEL = "-O";
				VALIDATE_PRODUCT = YES;
			};
			name = Release;
		};
		AECFA1F22965E4CA0065B501 /* Debug */ = {
			isa = XCBuildConfiguration;
			buildSettings = {
				ASSETCATALOG_COMPILER_APPICON_NAME = AppIcon;
				ASSETCATALOG_COMPILER_GLOBAL_ACCENT_COLOR_NAME = AccentColor;
				CODE_SIGN_STYLE = Automatic;
				CURRENT_PROJECT_VERSION = 1;
				DEVELOPMENT_ASSET_PATHS = "\"Neuron2023/Preview Content\"";
				DEVELOPMENT_TEAM = Z8JVJD6M2F;
				ENABLE_PREVIEWS = YES;
				GENERATE_INFOPLIST_FILE = YES;
				INFOPLIST_KEY_UIApplicationSceneManifest_Generation = YES;
				INFOPLIST_KEY_UIApplicationSupportsIndirectInputEvents = YES;
				INFOPLIST_KEY_UILaunchScreen_Generation = YES;
				INFOPLIST_KEY_UISupportedInterfaceOrientations_iPad = "UIInterfaceOrientationPortrait UIInterfaceOrientationPortraitUpsideDown UIInterfaceOrientationLandscapeLeft UIInterfaceOrientationLandscapeRight";
				INFOPLIST_KEY_UISupportedInterfaceOrientations_iPhone = "UIInterfaceOrientationPortrait UIInterfaceOrientationLandscapeLeft UIInterfaceOrientationLandscapeRight";
				LD_RUNPATH_SEARCH_PATHS = (
					"$(inherited)",
					"@executable_path/Frameworks",
				);
				MARKETING_VERSION = 1.0;
				PRODUCT_BUNDLE_IDENTIFIER = com.lammax.ios.study.Neuron2023;
				PRODUCT_NAME = "$(TARGET_NAME)";
				SWIFT_EMIT_LOC_STRINGS = YES;
				SWIFT_VERSION = 5.0;
				TARGETED_DEVICE_FAMILY = "1,2";
			};
			name = Debug;
		};
		AECFA1F32965E4CA0065B501 /* Release */ = {
			isa = XCBuildConfiguration;
			buildSettings = {
				ASSETCATALOG_COMPILER_APPICON_NAME = AppIcon;
				ASSETCATALOG_COMPILER_GLOBAL_ACCENT_COLOR_NAME = AccentColor;
				CODE_SIGN_STYLE = Automatic;
				CURRENT_PROJECT_VERSION = 1;
				DEVELOPMENT_ASSET_PATHS = "\"Neuron2023/Preview Content\"";
				DEVELOPMENT_TEAM = Z8JVJD6M2F;
				ENABLE_PREVIEWS = YES;
				GENERATE_INFOPLIST_FILE = YES;
				INFOPLIST_KEY_UIApplicationSceneManifest_Generation = YES;
				INFOPLIST_KEY_UIApplicationSupportsIndirectInputEvents = YES;
				INFOPLIST_KEY_UILaunchScreen_Generation = YES;
				INFOPLIST_KEY_UISupportedInterfaceOrientations_iPad = "UIInterfaceOrientationPortrait UIInterfaceOrientationPortraitUpsideDown UIInterfaceOrientationLandscapeLeft UIInterfaceOrientationLandscapeRight";
				INFOPLIST_KEY_UISupportedInterfaceOrientations_iPhone = "UIInterfaceOrientationPortrait UIInterfaceOrientationLandscapeLeft UIInterfaceOrientationLandscapeRight";
				LD_RUNPATH_SEARCH_PATHS = (
					"$(inherited)",
					"@executable_path/Frameworks",
				);
				MARKETING_VERSION = 1.0;
				PRODUCT_BUNDLE_IDENTIFIER = com.lammax.ios.study.Neuron2023;
				PRODUCT_NAME = "$(TARGET_NAME)";
				SWIFT_EMIT_LOC_STRINGS = YES;
				SWIFT_VERSION = 5.0;
				TARGETED_DEVICE_FAMILY = "1,2";
			};
			name = Release;
		};
		AECFA1F52965E4CA0065B501 /* Debug */ = {
			isa = XCBuildConfiguration;
			buildSettings = {
				ALWAYS_EMBED_SWIFT_STANDARD_LIBRARIES = YES;
				BUNDLE_LOADER = "$(TEST_HOST)";
				CODE_SIGN_STYLE = Automatic;
				CURRENT_PROJECT_VERSION = 1;
				DEVELOPMENT_TEAM = Z8JVJD6M2F;
				GENERATE_INFOPLIST_FILE = YES;
				IPHONEOS_DEPLOYMENT_TARGET = 16.2;
				MARKETING_VERSION = 1.0;
				PRODUCT_BUNDLE_IDENTIFIER = com.lammax.ios.study.Neuron2023Tests;
				PRODUCT_NAME = "$(TARGET_NAME)";
				SWIFT_EMIT_LOC_STRINGS = NO;
				SWIFT_VERSION = 5.0;
				TARGETED_DEVICE_FAMILY = "1,2";
				TEST_HOST = "$(BUILT_PRODUCTS_DIR)/Neuron2023.app/$(BUNDLE_EXECUTABLE_FOLDER_PATH)/Neuron2023";
			};
			name = Debug;
		};
		AECFA1F62965E4CA0065B501 /* Release */ = {
			isa = XCBuildConfiguration;
			buildSettings = {
				ALWAYS_EMBED_SWIFT_STANDARD_LIBRARIES = YES;
				BUNDLE_LOADER = "$(TEST_HOST)";
				CODE_SIGN_STYLE = Automatic;
				CURRENT_PROJECT_VERSION = 1;
				DEVELOPMENT_TEAM = Z8JVJD6M2F;
				GENERATE_INFOPLIST_FILE = YES;
				IPHONEOS_DEPLOYMENT_TARGET = 16.2;
				MARKETING_VERSION = 1.0;
				PRODUCT_BUNDLE_IDENTIFIER = com.lammax.ios.study.Neuron2023Tests;
				PRODUCT_NAME = "$(TARGET_NAME)";
				SWIFT_EMIT_LOC_STRINGS = NO;
				SWIFT_VERSION = 5.0;
				TARGETED_DEVICE_FAMILY = "1,2";
				TEST_HOST = "$(BUILT_PRODUCTS_DIR)/Neuron2023.app/$(BUNDLE_EXECUTABLE_FOLDER_PATH)/Neuron2023";
			};
			name = Release;
		};
		AECFA1F82965E4CA0065B501 /* Debug */ = {
			isa = XCBuildConfiguration;
			buildSettings = {
				ALWAYS_EMBED_SWIFT_STANDARD_LIBRARIES = YES;
				CODE_SIGN_STYLE = Automatic;
				CURRENT_PROJECT_VERSION = 1;
				DEVELOPMENT_TEAM = Z8JVJD6M2F;
				GENERATE_INFOPLIST_FILE = YES;
				MARKETING_VERSION = 1.0;
				PRODUCT_BUNDLE_IDENTIFIER = com.lammax.ios.study.Neuron2023UITests;
				PRODUCT_NAME = "$(TARGET_NAME)";
				SWIFT_EMIT_LOC_STRINGS = NO;
				SWIFT_VERSION = 5.0;
				TARGETED_DEVICE_FAMILY = "1,2";
				TEST_TARGET_NAME = Neuron2023;
			};
			name = Debug;
		};
		AECFA1F92965E4CA0065B501 /* Release */ = {
			isa = XCBuildConfiguration;
			buildSettings = {
				ALWAYS_EMBED_SWIFT_STANDARD_LIBRARIES = YES;
				CODE_SIGN_STYLE = Automatic;
				CURRENT_PROJECT_VERSION = 1;
				DEVELOPMENT_TEAM = Z8JVJD6M2F;
				GENERATE_INFOPLIST_FILE = YES;
				MARKETING_VERSION = 1.0;
				PRODUCT_BUNDLE_IDENTIFIER = com.lammax.ios.study.Neuron2023UITests;
				PRODUCT_NAME = "$(TARGET_NAME)";
				SWIFT_EMIT_LOC_STRINGS = NO;
				SWIFT_VERSION = 5.0;
				TARGETED_DEVICE_FAMILY = "1,2";
				TEST_TARGET_NAME = Neuron2023;
			};
			name = Release;
		};
/* End XCBuildConfiguration section */

/* Begin XCConfigurationList section */
		AECFA1C82965E4C90065B501 /* Build configuration list for PBXProject "Neuron2023" */ = {
			isa = XCConfigurationList;
			buildConfigurations = (
				AECFA1EF2965E4CA0065B501 /* Debug */,
				AECFA1F02965E4CA0065B501 /* Release */,
			);
			defaultConfigurationIsVisible = 0;
			defaultConfigurationName = Release;
		};
		AECFA1F12965E4CA0065B501 /* Build configuration list for PBXNativeTarget "Neuron2023" */ = {
			isa = XCConfigurationList;
			buildConfigurations = (
				AECFA1F22965E4CA0065B501 /* Debug */,
				AECFA1F32965E4CA0065B501 /* Release */,
			);
			defaultConfigurationIsVisible = 0;
			defaultConfigurationName = Release;
		};
		AECFA1F42965E4CA0065B501 /* Build configuration list for PBXNativeTarget "Neuron2023Tests" */ = {
			isa = XCConfigurationList;
			buildConfigurations = (
				AECFA1F52965E4CA0065B501 /* Debug */,
				AECFA1F62965E4CA0065B501 /* Release */,
			);
			defaultConfigurationIsVisible = 0;
			defaultConfigurationName = Release;
		};
		AECFA1F72965E4CA0065B501 /* Build configuration list for PBXNativeTarget "Neuron2023UITests" */ = {
			isa = XCConfigurationList;
			buildConfigurations = (
				AECFA1F82965E4CA0065B501 /* Debug */,
				AECFA1F92965E4CA0065B501 /* Release */,
			);
			defaultConfigurationIsVisible = 0;
			defaultConfigurationName = Release;
		};
/* End XCConfigurationList section */
	};
	rootObject = AECFA1C52965E4C90065B501 /* Project object */;
}
